// !$*UTF8*$!
{
	archiveVersion = 1;
	classes = {
	};
	objectVersion = 46;
	objects = {

/* Begin PBXBuildFile section */
		7E3D36D61E8AFFD8003C011C /* AppDelegate.m in Sources */ = {isa = PBXBuildFile; fileRef = 7E3D36D51E8AFFD8003C011C /* AppDelegate.m */; };
		7E3D36D91E8AFFD8003C011C /* main.m in Sources */ = {isa = PBXBuildFile; fileRef = 7E3D36D81E8AFFD8003C011C /* main.m */; };
		7E3D36DE1E8AFFD8003C011C /* Assets.xcassets in Resources */ = {isa = PBXBuildFile; fileRef = 7E3D36DD1E8AFFD8003C011C /* Assets.xcassets */; };
		7E3D36E11E8AFFD8003C011C /* Main.storyboard in Resources */ = {isa = PBXBuildFile; fileRef = 7E3D36DF1E8AFFD8003C011C /* Main.storyboard */; };
/* End PBXBuildFile section */

/* Begin PBXFileReference section */
		7E3D36D11E8AFFD8003C011C /* Augie.app */ = {isa = PBXFileReference; explicitFileType = wrapper.application; includeInIndex = 0; path = Augie.app; sourceTree = BUILT_PRODUCTS_DIR; };
		7E3D36D41E8AFFD8003C011C /* AppDelegate.h */ = {isa = PBXFileReference; lastKnownFileType = sourcecode.c.h; path = AppDelegate.h; sourceTree = "<group>"; };
		7E3D36D51E8AFFD8003C011C /* AppDelegate.m */ = {isa = PBXFileReference; lastKnownFileType = sourcecode.c.objc; path = AppDelegate.m; sourceTree = "<group>"; };
		7E3D36D81E8AFFD8003C011C /* main.m */ = {isa = PBXFileReference; lastKnownFileType = sourcecode.c.objc; path = main.m; sourceTree = "<group>"; };
		7E3D36DD1E8AFFD8003C011C /* Assets.xcassets */ = {isa = PBXFileReference; lastKnownFileType = folder.assetcatalog; path = Assets.xcassets; sourceTree = "<group>"; };
		7E3D36E01E8AFFD8003C011C /* Base */ = {isa = PBXFileReference; lastKnownFileType = file.storyboard; name = Base; path = Base.lproj/Main.storyboard; sourceTree = "<group>"; };
		7E3D36E21E8AFFD8003C011C /* Info.plist */ = {isa = PBXFileReference; lastKnownFileType = text.plist.xml; path = Info.plist; sourceTree = "<group>"; };
/* End PBXFileReference section */

/* Begin PBXFrameworksBuildPhase section */
		7E3D36CE1E8AFFD8003C011C /* Frameworks */ = {
			isa = PBXFrameworksBuildPhase;
			buildActionMask = 2147483647;
			files = (
			);
			runOnlyForDeploymentPostprocessing = 0;
		};
/* End PBXFrameworksBuildPhase section */

/* Begin PBXGroup section */
		7E3D36C81E8AFFD8003C011C = {
			isa = PBXGroup;
			children = (
				7E3D36D31E8AFFD8003C011C /* Augie */,
				7E3D36D21E8AFFD8003C011C /* Products */,
			);
			sourceTree = "<group>";
		};
		7E3D36D21E8AFFD8003C011C /* Products */ = {
			isa = PBXGroup;
			children = (
				7E3D36D11E8AFFD8003C011C /* Augie.app */,
			);
			name = Products;
			sourceTree = "<group>";
		};
		7E3D36D31E8AFFD8003C011C /* Augie */ = {
			isa = PBXGroup;
			children = (
				7E3D36D41E8AFFD8003C011C /* AppDelegate.h */,
				7E3D36D51E8AFFD8003C011C /* AppDelegate.m */,
				7E3D36DD1E8AFFD8003C011C /* Assets.xcassets */,
				7E3D36DF1E8AFFD8003C011C /* Main.storyboard */,
				7E3D36E21E8AFFD8003C011C /* Info.plist */,
				7E3D36D71E8AFFD8003C011C /* Supporting Files */,
			);
			path = Augie;
			sourceTree = "<group>";
		};
		7E3D36D71E8AFFD8003C011C /* Supporting Files */ = {
			isa = PBXGroup;
			children = (
				7E3D36D81E8AFFD8003C011C /* main.m */,
			);
			name = "Supporting Files";
			sourceTree = "<group>";
		};
/* End PBXGroup section */

/* Begin PBXNativeTarget section */
		7E3D36D01E8AFFD8003C011C /* Augie */ = {
			isa = PBXNativeTarget;
			buildConfigurationList = 7E3D36E51E8AFFD8003C011C /* Build configuration list for PBXNativeTarget "Augie" */;
			buildPhases = (
				7E3D36CD1E8AFFD8003C011C /* Sources */,
				7E3D36CE1E8AFFD8003C011C /* Frameworks */,
				7E3D36CF1E8AFFD8003C011C /* Resources */,
			);
			buildRules = (
			);
			dependencies = (
			);
			name = Augie;
			productName = Augie;
			productReference = 7E3D36D11E8AFFD8003C011C /* Augie.app */;
			productType = "com.apple.product-type.application";
		};
/* End PBXNativeTarget section */

/* Begin PBXProject section */
		7E3D36C91E8AFFD8003C011C /* Project object */ = {
			isa = PBXProject;
			attributes = {
				LastUpgradeCheck = 0830;
				ORGANIZATIONNAME = "Upspin Project";
				TargetAttributes = {
					7E3D36D01E8AFFD8003C011C = {
						CreatedOnToolsVersion = 8.3;
						ProvisioningStyle = Automatic;
					};
				};
			};
			buildConfigurationList = 7E3D36CC1E8AFFD8003C011C /* Build configuration list for PBXProject "Augie" */;
			compatibilityVersion = "Xcode 3.2";
			developmentRegion = English;
			hasScannedForEncodings = 0;
			knownRegions = (
				en,
				Base,
			);
			mainGroup = 7E3D36C81E8AFFD8003C011C;
			productRefGroup = 7E3D36D21E8AFFD8003C011C /* Products */;
			projectDirPath = "";
			projectRoot = "";
			targets = (
				7E3D36D01E8AFFD8003C011C /* Augie */,
			);
		};
/* End PBXProject section */

/* Begin PBXResourcesBuildPhase section */
		7E3D36CF1E8AFFD8003C011C /* Resources */ = {
			isa = PBXResourcesBuildPhase;
			buildActionMask = 2147483647;
			files = (
				7E3D36DE1E8AFFD8003C011C /* Assets.xcassets in Resources */,
				7E3D36E11E8AFFD8003C011C /* Main.storyboard in Resources */,
			);
			runOnlyForDeploymentPostprocessing = 0;
		};
/* End PBXResourcesBuildPhase section */

/* Begin PBXSourcesBuildPhase section */
		7E3D36CD1E8AFFD8003C011C /* Sources */ = {
			isa = PBXSourcesBuildPhase;
			buildActionMask = 2147483647;
			files = (
				7E3D36D91E8AFFD8003C011C /* main.m in Sources */,
				7E3D36D61E8AFFD8003C011C /* AppDelegate.m in Sources */,
			);
			runOnlyForDeploymentPostprocessing = 0;
		};
/* End PBXSourcesBuildPhase section */

/* Begin PBXVariantGroup section */
		7E3D36DF1E8AFFD8003C011C /* Main.storyboard */ = {
			isa = PBXVariantGroup;
			children = (
				7E3D36E01E8AFFD8003C011C /* Base */,
			);
			name = Main.storyboard;
			sourceTree = "<group>";
		};
/* End PBXVariantGroup section */

/* Begin XCBuildConfiguration section */
		7E3D36E31E8AFFD8003C011C /* Debug */ = {
			isa = XCBuildConfiguration;
			buildSettings = {
				ALWAYS_SEARCH_USER_PATHS = NO;
				CLANG_ANALYZER_NONNULL = YES;
				CLANG_ANALYZER_NUMBER_OBJECT_CONVERSION = YES_AGGRESSIVE;
				CLANG_CXX_LANGUAGE_STANDARD = "gnu++0x";
				CLANG_CXX_LIBRARY = "libc++";
				CLANG_ENABLE_MODULES = YES;
				CLANG_ENABLE_OBJC_ARC = YES;
				CLANG_WARN_BOOL_CONVERSION = YES;
				CLANG_WARN_CONSTANT_CONVERSION = YES;
				CLANG_WARN_DIRECT_OBJC_ISA_USAGE = YES_ERROR;
				CLANG_WARN_DOCUMENTATION_COMMENTS = YES;
				CLANG_WARN_EMPTY_BODY = YES;
				CLANG_WARN_ENUM_CONVERSION = YES;
				CLANG_WARN_INFINITE_RECURSION = YES;
				CLANG_WARN_INT_CONVERSION = YES;
				CLANG_WARN_OBJC_ROOT_CLASS = YES_ERROR;
				CLANG_WARN_SUSPICIOUS_MOVE = YES;
				CLANG_WARN_UNREACHABLE_CODE = YES;
				CLANG_WARN__DUPLICATE_METHOD_MATCH = YES;
				CODE_SIGN_IDENTITY = "-";
				COPY_PHASE_STRIP = NO;
				DEBUG_INFORMATION_FORMAT = dwarf;
				ENABLE_STRICT_OBJC_MSGSEND = YES;
				ENABLE_TESTABILITY = YES;
				GCC_C_LANGUAGE_STANDARD = gnu99;
				GCC_DYNAMIC_NO_PIC = NO;
				GCC_NO_COMMON_BLOCKS = YES;
				GCC_OPTIMIZATION_LEVEL = 0;
				GCC_PREPROCESSOR_DEFINITIONS = (
					"DEBUG=1",
					"$(inherited)",
				);
				GCC_WARN_64_TO_32_BIT_CONVERSION = YES;
				GCC_WARN_ABOUT_RETURN_TYPE = YES_ERROR;
				GCC_WARN_UNDECLARED_SELECTOR = YES;
				GCC_WARN_UNINITIALIZED_AUTOS = YES_AGGRESSIVE;
				GCC_WARN_UNUSED_FUNCTION = YES;
				GCC_WARN_UNUSED_VARIABLE = YES;
				MACOSX_DEPLOYMENT_TARGET = 10.12;
				MTL_ENABLE_DEBUG_INFO = YES;
				ONLY_ACTIVE_ARCH = YES;
				SDKROOT = macosx;
			};
			name = Debug;
		};
		7E3D36E41E8AFFD8003C011C /* Release */ = {
			isa = XCBuildConfiguration;
			buildSettings = {
				ALWAYS_SEARCH_USER_PATHS = NO;
				CLANG_ANALYZER_NONNULL = YES;
				CLANG_ANALYZER_NUMBER_OBJECT_CONVERSION = YES_AGGRESSIVE;
				CLANG_CXX_LANGUAGE_STANDARD = "gnu++0x";
				CLANG_CXX_LIBRARY = "libc++";
				CLANG_ENABLE_MODULES = YES;
				CLANG_ENABLE_OBJC_ARC = YES;
				CLANG_WARN_BOOL_CONVERSION = YES;
				CLANG_WARN_CONSTANT_CONVERSION = YES;
				CLANG_WARN_DIRECT_OBJC_ISA_USAGE = YES_ERROR;
				CLANG_WARN_DOCUMENTATION_COMMENTS = YES;
				CLANG_WARN_EMPTY_BODY = YES;
				CLANG_WARN_ENUM_CONVERSION = YES;
				CLANG_WARN_INFINITE_RECURSION = YES;
				CLANG_WARN_INT_CONVERSION = YES;
				CLANG_WARN_OBJC_ROOT_CLASS = YES_ERROR;
				CLANG_WARN_SUSPICIOUS_MOVE = YES;
				CLANG_WARN_UNREACHABLE_CODE = YES;
				CLANG_WARN__DUPLICATE_METHOD_MATCH = YES;
				CODE_SIGN_IDENTITY = "-";
				COPY_PHASE_STRIP = NO;
				DEBUG_INFORMATION_FORMAT = "dwarf-with-dsym";
				ENABLE_NS_ASSERTIONS = NO;
				ENABLE_STRICT_OBJC_MSGSEND = YES;
				GCC_C_LANGUAGE_STANDARD = gnu99;
				GCC_NO_COMMON_BLOCKS = YES;
				GCC_WARN_64_TO_32_BIT_CONVERSION = YES;
				GCC_WARN_ABOUT_RETURN_TYPE = YES_ERROR;
				GCC_WARN_UNDECLARED_SELECTOR = YES;
				GCC_WARN_UNINITIALIZED_AUTOS = YES_AGGRESSIVE;
				GCC_WARN_UNUSED_FUNCTION = YES;
				GCC_WARN_UNUSED_VARIABLE = YES;
				MACOSX_DEPLOYMENT_TARGET = 10.12;
				MTL_ENABLE_DEBUG_INFO = NO;
				SDKROOT = macosx;
			};
			name = Release;
		};
		7E3D36E61E8AFFD8003C011C /* Debug */ = {
			isa = XCBuildConfiguration;
			buildSettings = {
				ASSETCATALOG_COMPILER_APPICON_NAME = AppIcon;
				COMBINE_HIDPI_IMAGES = YES;
				INFOPLIST_FILE = Augie/Info.plist;
				LD_RUNPATH_SEARCH_PATHS = "$(inherited) @executable_path/../Frameworks";
				PRODUCT_BUNDLE_IDENTIFIER = com.upspinproject.Augie;
				PRODUCT_NAME = "$(TARGET_NAME)";
			};
			name = Debug;
		};
		7E3D36E71E8AFFD8003C011C /* Release */ = {
			isa = XCBuildConfiguration;
			buildSettings = {
				ASSETCATALOG_COMPILER_APPICON_NAME = AppIcon;
				COMBINE_HIDPI_IMAGES = YES;
				INFOPLIST_FILE = Augie/Info.plist;
				LD_RUNPATH_SEARCH_PATHS = "$(inherited) @executable_path/../Frameworks";
				PRODUCT_BUNDLE_IDENTIFIER = com.upspinproject.Augie;
				PRODUCT_NAME = "$(TARGET_NAME)";
			};
			name = Release;
		};
/* End XCBuildConfiguration section */

/* Begin XCConfigurationList section */
		7E3D36CC1E8AFFD8003C011C /* Build configuration list for PBXProject "Augie" */ = {
			isa = XCConfigurationList;
			buildConfigurations = (
				7E3D36E31E8AFFD8003C011C /* Debug */,
				7E3D36E41E8AFFD8003C011C /* Release */,
			);
			defaultConfigurationIsVisible = 0;
			defaultConfigurationName = Release;
		};
		7E3D36E51E8AFFD8003C011C /* Build configuration list for PBXNativeTarget "Augie" */ = {
			isa = XCConfigurationList;
			buildConfigurations = (
				7E3D36E61E8AFFD8003C011C /* Debug */,
				7E3D36E71E8AFFD8003C011C /* Release */,
			);
			defaultConfigurationIsVisible = 0;
		};
/* End XCConfigurationList section */
	};
	rootObject = 7E3D36C91E8AFFD8003C011C /* Project object */;
}
